// !$*UTF8*$!
{
	archiveVersion = 1;
	classes = {
	};
	objectVersion = 55;
	objects = {

/* Begin PBXBuildFile section */
		0653DB882730CFB500D63233 /* AppDelegate.swift in Sources */ = {isa = PBXBuildFile; fileRef = 0653DB872730CFB500D63233 /* AppDelegate.swift */; };
		0653DB8A2730CFB500D63233 /* SceneDelegate.swift in Sources */ = {isa = PBXBuildFile; fileRef = 0653DB892730CFB500D63233 /* SceneDelegate.swift */; };
		0653DB8F2730CFB500D63233 /* Main.storyboard in Resources */ = {isa = PBXBuildFile; fileRef = 0653DB8D2730CFB500D63233 /* Main.storyboard */; };
		0653DB942730CFB800D63233 /* LaunchScreen.storyboard in Resources */ = {isa = PBXBuildFile; fileRef = 0653DB922730CFB800D63233 /* LaunchScreen.storyboard */; };
		0653DBB82730D1AD00D63233 /* Assets.xcassets in Resources */ = {isa = PBXBuildFile; fileRef = 0653DBB72730D1AC00D63233 /* Assets.xcassets */; };
		06670596273227A900545EB6 /* RestaurantListViewController.swift in Sources */ = {isa = PBXBuildFile; fileRef = 06670595273227A900545EB6 /* RestaurantListViewController.swift */; };
		06AFDA1827311E3900A647E1 /* ExploreViewController.swift in Sources */ = {isa = PBXBuildFile; fileRef = 06AFDA1727311E3900A647E1 /* ExploreViewController.swift */; };
		06C1CB3F2734A1F800C385A7 /* ExploreData.plist in Resources */ = {isa = PBXBuildFile; fileRef = 06C1CB3E2734A1F800C385A7 /* ExploreData.plist */; };
		06C1CB412734A22300C385A7 /* ExploreItem.swift in Sources */ = {isa = PBXBuildFile; fileRef = 06C1CB402734A22300C385A7 /* ExploreItem.swift */; };
		06C1CB432734A30200C385A7 /* ExploreDataManager.swift in Sources */ = {isa = PBXBuildFile; fileRef = 06C1CB422734A30200C385A7 /* ExploreDataManager.swift */; };
		06C1CB462734A4E100C385A7 /* ExploreCell.swift in Sources */ = {isa = PBXBuildFile; fileRef = 06C1CB452734A4E100C385A7 /* ExploreCell.swift */; };
		124F2714283277D700D62F0F /* FilterData.plist in Resources */ = {isa = PBXBuildFile; fileRef = 124F2713283277D700D62F0F /* FilterData.plist */; };
		124F2716283279F400D62F0F /* FilterItem.swift in Sources */ = {isa = PBXBuildFile; fileRef = 124F2715283279F400D62F0F /* FilterItem.swift */; };
		124F271828327A8600D62F0F /* FilterDataManager.swift in Sources */ = {isa = PBXBuildFile; fileRef = 124F271728327A8600D62F0F /* FilterDataManager.swift */; };
		124F271A28327DA300D62F0F /* ImageFiltering.swift in Sources */ = {isa = PBXBuildFile; fileRef = 124F271928327DA300D62F0F /* ImageFiltering.swift */; };
		124F271C28328ED200D62F0F /* FilterCell.swift in Sources */ = {isa = PBXBuildFile; fileRef = 124F271B28328ED200D62F0F /* FilterCell.swift */; };
		124F271E2832921300D62F0F /* PhotoFilterViewController.swift in Sources */ = {isa = PBXBuildFile; fileRef = 124F271D2832921300D62F0F /* PhotoFilterViewController.swift */; };
		124F27212837AF4000D62F0F /* LetsEatModel.xcdatamodeld in Sources */ = {isa = PBXBuildFile; fileRef = 124F271F2837AF4000D62F0F /* LetsEatModel.xcdatamodeld */; };
		124F27242837B63300D62F0F /* ReviewItem.swift in Sources */ = {isa = PBXBuildFile; fileRef = 124F27232837B63300D62F0F /* ReviewItem.swift */; };
		124F27262837B84300D62F0F /* RestaurantPhotoItem.swift in Sources */ = {isa = PBXBuildFile; fileRef = 124F27252837B84300D62F0F /* RestaurantPhotoItem.swift */; };
		124F27292837C99200D62F0F /* CoreDataManager.swift in Sources */ = {isa = PBXBuildFile; fileRef = 124F27282837C99200D62F0F /* CoreDataManager.swift */; };
		1287F2A6284F50D10086F1C5 /* ReviewFormViewControllerTableViewController.swift in Sources */ = {isa = PBXBuildFile; fileRef = 1287F2A5284F50D10086F1C5 /* ReviewFormViewControllerTableViewController.swift */; };
		12A3E1182822AEC200D5AFBA /* LocationViewController.swift in Sources */ = {isa = PBXBuildFile; fileRef = 12A3E1172822AEC200D5AFBA /* LocationViewController.swift */; };
		12A3E11A2822B33400D5AFBA /* Locations.plist in Resources */ = {isa = PBXBuildFile; fileRef = 12A3E1192822B33400D5AFBA /* Locations.plist */; };
		12A3E11C2822B87900D5AFBA /* LocationDataManager.swift in Sources */ = {isa = PBXBuildFile; fileRef = 12A3E11B2822B87900D5AFBA /* LocationDataManager.swift */; };
		12A3E120282411B700D5AFBA /* MapLocations.plist in Resources */ = {isa = PBXBuildFile; fileRef = 12A3E11F282411B700D5AFBA /* MapLocations.plist */; };
		12A3E1222824125600D5AFBA /* RestaurantItem.swift in Sources */ = {isa = PBXBuildFile; fileRef = 12A3E1212824125600D5AFBA /* RestaurantItem.swift */; };
		12A3E1242824260E00D5AFBA /* MapDataManager.swift in Sources */ = {isa = PBXBuildFile; fileRef = 12A3E1232824260E00D5AFBA /* MapDataManager.swift */; };
		12A3E127282524A100D5AFBA /* DataManager.swift in Sources */ = {isa = PBXBuildFile; fileRef = 12A3E126282524A100D5AFBA /* DataManager.swift */; };
		12A3E12928254D2400D5AFBA /* MapViewController.swift in Sources */ = {isa = PBXBuildFile; fileRef = 12A3E12828254D2400D5AFBA /* MapViewController.swift */; };
		12A3E12C28291F4D00D5AFBA /* RestaurantDetail.storyboard in Resources */ = {isa = PBXBuildFile; fileRef = 12A3E12B28291F4D00D5AFBA /* RestaurantDetail.storyboard */; };
		12A3E12F28291F8500D5AFBA /* ReviewForm.storyboard in Resources */ = {isa = PBXBuildFile; fileRef = 12A3E12E28291F8500D5AFBA /* ReviewForm.storyboard */; };
		12A3E13228291FA800D5AFBA /* PhotoFilter.storyboard in Resources */ = {isa = PBXBuildFile; fileRef = 12A3E13128291FA800D5AFBA /* PhotoFilter.storyboard */; };
		12A3E134282920DA00D5AFBA /* Segue.swift in Sources */ = {isa = PBXBuildFile; fileRef = 12A3E133282920DA00D5AFBA /* Segue.swift */; };
		12A3E13A2829270200D5AFBA /* RestaurantDetailViewController.swift in Sources */ = {isa = PBXBuildFile; fileRef = 12A3E1392829270200D5AFBA /* RestaurantDetailViewController.swift */; };
		12A3E14A28296D1500D5AFBA /* Portland.json in Resources */ = {isa = PBXBuildFile; fileRef = 12A3E13C28296D1500D5AFBA /* Portland.json */; };
		12A3E14B28296D1500D5AFBA /* San Antonio.json in Resources */ = {isa = PBXBuildFile; fileRef = 12A3E13D28296D1500D5AFBA /* San Antonio.json */; };
		12A3E14C28296D1500D5AFBA /* Las Vegas.json in Resources */ = {isa = PBXBuildFile; fileRef = 12A3E13E28296D1500D5AFBA /* Las Vegas.json */; };
		12A3E14D28296D1500D5AFBA /* Houston.json in Resources */ = {isa = PBXBuildFile; fileRef = 12A3E13F28296D1500D5AFBA /* Houston.json */; };
		12A3E14E28296D1500D5AFBA /* Philadelphia.json in Resources */ = {isa = PBXBuildFile; fileRef = 12A3E14028296D1500D5AFBA /* Philadelphia.json */; };
		12A3E14F28296D1500D5AFBA /* Los Angeles.json in Resources */ = {isa = PBXBuildFile; fileRef = 12A3E14128296D1500D5AFBA /* Los Angeles.json */; };
		12A3E15028296D1500D5AFBA /* Charleston.json in Resources */ = {isa = PBXBuildFile; fileRef = 12A3E14228296D1500D5AFBA /* Charleston.json */; };
		12A3E15128296D1500D5AFBA /* Boston.json in Resources */ = {isa = PBXBuildFile; fileRef = 12A3E14328296D1500D5AFBA /* Boston.json */; };
		12A3E15228296D1500D5AFBA /* San Francisco.json in Resources */ = {isa = PBXBuildFile; fileRef = 12A3E14428296D1500D5AFBA /* San Francisco.json */; };
		12A3E15328296D1500D5AFBA /* New Orleans.json in Resources */ = {isa = PBXBuildFile; fileRef = 12A3E14528296D1500D5AFBA /* New Orleans.json */; };
		12A3E15428296D1500D5AFBA /* Chicago.json in Resources */ = {isa = PBXBuildFile; fileRef = 12A3E14628296D1500D5AFBA /* Chicago.json */; };
		12A3E15528296D1500D5AFBA /* Miami.json in Resources */ = {isa = PBXBuildFile; fileRef = 12A3E14728296D1500D5AFBA /* Miami.json */; };
		12A3E15628296D1500D5AFBA /* Aspen.json in Resources */ = {isa = PBXBuildFile; fileRef = 12A3E14828296D1500D5AFBA /* Aspen.json */; };
		12A3E15728296D1500D5AFBA /* New York.json in Resources */ = {isa = PBXBuildFile; fileRef = 12A3E14928296D1500D5AFBA /* New York.json */; };
		12A3E15928296FA700D5AFBA /* RestaurantDataManager.swift in Sources */ = {isa = PBXBuildFile; fileRef = 12A3E15828296FA700D5AFBA /* RestaurantDataManager.swift */; };
		12A3E15B282A736700D5AFBA /* LocationItem.swift in Sources */ = {isa = PBXBuildFile; fileRef = 12A3E15A282A736700D5AFBA /* LocationItem.swift */; };
		12A3E15F282AA40D00D5AFBA /* ExploreHeaderView.swift in Sources */ = {isa = PBXBuildFile; fileRef = 12A3E15E282AA40D00D5AFBA /* ExploreHeaderView.swift */; };
		12A3E164282BF91E00D5AFBA /* RestaurantCell.swift in Sources */ = {isa = PBXBuildFile; fileRef = 12A3E163282BF91E00D5AFBA /* RestaurantCell.swift */; };
		12A3E167282BFACC00D5AFBA /* NoDataView.swift in Sources */ = {isa = PBXBuildFile; fileRef = 12A3E166282BFACC00D5AFBA /* NoDataView.swift */; };
		12A3E169282C09EA00D5AFBA /* NoDataView.xib in Resources */ = {isa = PBXBuildFile; fileRef = 12A3E168282C09EA00D5AFBA /* NoDataView.xib */; };
		12A3E16B282E62DB00D5AFBA /* RatingsView.swift in Sources */ = {isa = PBXBuildFile; fileRef = 12A3E16A282E62DB00D5AFBA /* RatingsView.swift */; };
/* End PBXBuildFile section */

/* Begin PBXContainerItemProxy section */
		0653DB9B2730CFB900D63233 /* PBXContainerItemProxy */ = {
			isa = PBXContainerItemProxy;
			containerPortal = 0653DB7C2730CFB500D63233 /* Project object */;
			proxyType = 1;
			remoteGlobalIDString = 0653DB832730CFB500D63233;
			remoteInfo = LetsEat;
		};
		0653DBA52730CFB900D63233 /* PBXContainerItemProxy */ = {
			isa = PBXContainerItemProxy;
			containerPortal = 0653DB7C2730CFB500D63233 /* Project object */;
			proxyType = 1;
			remoteGlobalIDString = 0653DB832730CFB500D63233;
			remoteInfo = LetsEat;
		};
/* End PBXContainerItemProxy section */

/* Begin PBXFileReference section */
		0653DB842730CFB500D63233 /* LetsEat.app */ = {isa = PBXFileReference; explicitFileType = wrapper.application; includeInIndex = 0; path = LetsEat.app; sourceTree = BUILT_PRODUCTS_DIR; };
		0653DB872730CFB500D63233 /* AppDelegate.swift */ = {isa = PBXFileReference; lastKnownFileType = sourcecode.swift; path = AppDelegate.swift; sourceTree = "<group>"; };
		0653DB892730CFB500D63233 /* SceneDelegate.swift */ = {isa = PBXFileReference; lastKnownFileType = sourcecode.swift; path = SceneDelegate.swift; sourceTree = "<group>"; };
		0653DB8E2730CFB500D63233 /* Base */ = {isa = PBXFileReference; lastKnownFileType = file.storyboard; name = Base; path = Base.lproj/Main.storyboard; sourceTree = "<group>"; };
		0653DB932730CFB800D63233 /* Base */ = {isa = PBXFileReference; lastKnownFileType = file.storyboard; name = Base; path = Base.lproj/LaunchScreen.storyboard; sourceTree = "<group>"; };
		0653DB952730CFB800D63233 /* Info.plist */ = {isa = PBXFileReference; lastKnownFileType = text.plist.xml; path = Info.plist; sourceTree = "<group>"; };
		0653DB9A2730CFB900D63233 /* LetsEatTests.xctest */ = {isa = PBXFileReference; explicitFileType = wrapper.cfbundle; includeInIndex = 0; path = LetsEatTests.xctest; sourceTree = BUILT_PRODUCTS_DIR; };
		0653DBA42730CFB900D63233 /* LetsEatUITests.xctest */ = {isa = PBXFileReference; explicitFileType = wrapper.cfbundle; includeInIndex = 0; path = LetsEatUITests.xctest; sourceTree = BUILT_PRODUCTS_DIR; };
		0653DBB72730D1AC00D63233 /* Assets.xcassets */ = {isa = PBXFileReference; lastKnownFileType = folder.assetcatalog; path = Assets.xcassets; sourceTree = "<group>"; };
		06670595273227A900545EB6 /* RestaurantListViewController.swift */ = {isa = PBXFileReference; lastKnownFileType = sourcecode.swift; path = RestaurantListViewController.swift; sourceTree = "<group>"; };
		06AFDA1727311E3900A647E1 /* ExploreViewController.swift */ = {isa = PBXFileReference; lastKnownFileType = sourcecode.swift; path = ExploreViewController.swift; sourceTree = "<group>"; };
		06C1CB3E2734A1F800C385A7 /* ExploreData.plist */ = {isa = PBXFileReference; fileEncoding = 4; lastKnownFileType = text.plist.xml; path = ExploreData.plist; sourceTree = "<group>"; };
		06C1CB402734A22300C385A7 /* ExploreItem.swift */ = {isa = PBXFileReference; lastKnownFileType = sourcecode.swift; path = ExploreItem.swift; sourceTree = "<group>"; };
		06C1CB422734A30200C385A7 /* ExploreDataManager.swift */ = {isa = PBXFileReference; lastKnownFileType = sourcecode.swift; path = ExploreDataManager.swift; sourceTree = "<group>"; };
		06C1CB452734A4E100C385A7 /* ExploreCell.swift */ = {isa = PBXFileReference; lastKnownFileType = sourcecode.swift; path = ExploreCell.swift; sourceTree = "<group>"; };
		124F2713283277D700D62F0F /* FilterData.plist */ = {isa = PBXFileReference; fileEncoding = 4; lastKnownFileType = text.plist.xml; path = FilterData.plist; sourceTree = "<group>"; };
		124F2715283279F400D62F0F /* FilterItem.swift */ = {isa = PBXFileReference; lastKnownFileType = sourcecode.swift; path = FilterItem.swift; sourceTree = "<group>"; };
		124F271728327A8600D62F0F /* FilterDataManager.swift */ = {isa = PBXFileReference; lastKnownFileType = sourcecode.swift; path = FilterDataManager.swift; sourceTree = "<group>"; };
		124F271928327DA300D62F0F /* ImageFiltering.swift */ = {isa = PBXFileReference; lastKnownFileType = sourcecode.swift; path = ImageFiltering.swift; sourceTree = "<group>"; };
		124F271B28328ED200D62F0F /* FilterCell.swift */ = {isa = PBXFileReference; lastKnownFileType = sourcecode.swift; path = FilterCell.swift; sourceTree = "<group>"; };
		124F271D2832921300D62F0F /* PhotoFilterViewController.swift */ = {isa = PBXFileReference; lastKnownFileType = sourcecode.swift; path = PhotoFilterViewController.swift; sourceTree = "<group>"; };
		124F27202837AF4000D62F0F /* LetsEatModel.xcdatamodel */ = {isa = PBXFileReference; lastKnownFileType = wrapper.xcdatamodel; path = LetsEatModel.xcdatamodel; sourceTree = "<group>"; };
		124F27232837B63300D62F0F /* ReviewItem.swift */ = {isa = PBXFileReference; lastKnownFileType = sourcecode.swift; path = ReviewItem.swift; sourceTree = "<group>"; };
		124F27252837B84300D62F0F /* RestaurantPhotoItem.swift */ = {isa = PBXFileReference; lastKnownFileType = sourcecode.swift; path = RestaurantPhotoItem.swift; sourceTree = "<group>"; };
		124F27282837C99200D62F0F /* CoreDataManager.swift */ = {isa = PBXFileReference; lastKnownFileType = sourcecode.swift; path = CoreDataManager.swift; sourceTree = "<group>"; };
		1287F2A5284F50D10086F1C5 /* ReviewFormViewControllerTableViewController.swift */ = {isa = PBXFileReference; fileEncoding = 4; lastKnownFileType = sourcecode.swift; path = ReviewFormViewControllerTableViewController.swift; sourceTree = "<group>"; };
		12A3E1172822AEC200D5AFBA /* LocationViewController.swift */ = {isa = PBXFileReference; lastKnownFileType = sourcecode.swift; path = LocationViewController.swift; sourceTree = "<group>"; };
		12A3E1192822B33400D5AFBA /* Locations.plist */ = {isa = PBXFileReference; lastKnownFileType = text.plist.xml; path = Locations.plist; sourceTree = "<group>"; };
		12A3E11B2822B87900D5AFBA /* LocationDataManager.swift */ = {isa = PBXFileReference; lastKnownFileType = sourcecode.swift; path = LocationDataManager.swift; sourceTree = "<group>"; };
		12A3E11F282411B700D5AFBA /* MapLocations.plist */ = {isa = PBXFileReference; fileEncoding = 4; lastKnownFileType = text.plist.xml; path = MapLocations.plist; sourceTree = "<group>"; };
		12A3E1212824125600D5AFBA /* RestaurantItem.swift */ = {isa = PBXFileReference; lastKnownFileType = sourcecode.swift; path = RestaurantItem.swift; sourceTree = "<group>"; };
		12A3E1232824260E00D5AFBA /* MapDataManager.swift */ = {isa = PBXFileReference; lastKnownFileType = sourcecode.swift; path = MapDataManager.swift; sourceTree = "<group>"; };
		12A3E126282524A100D5AFBA /* DataManager.swift */ = {isa = PBXFileReference; lastKnownFileType = sourcecode.swift; path = DataManager.swift; sourceTree = "<group>"; };
		12A3E12828254D2400D5AFBA /* MapViewController.swift */ = {isa = PBXFileReference; lastKnownFileType = sourcecode.swift; path = MapViewController.swift; sourceTree = "<group>"; };
		12A3E12B28291F4D00D5AFBA /* RestaurantDetail.storyboard */ = {isa = PBXFileReference; fileEncoding = 4; lastKnownFileType = file.storyboard; path = RestaurantDetail.storyboard; sourceTree = "<group>"; };
		12A3E12E28291F8500D5AFBA /* ReviewForm.storyboard */ = {isa = PBXFileReference; fileEncoding = 4; lastKnownFileType = file.storyboard; path = ReviewForm.storyboard; sourceTree = "<group>"; };
		12A3E13128291FA800D5AFBA /* PhotoFilter.storyboard */ = {isa = PBXFileReference; fileEncoding = 4; lastKnownFileType = file.storyboard; path = PhotoFilter.storyboard; sourceTree = "<group>"; };
		12A3E133282920DA00D5AFBA /* Segue.swift */ = {isa = PBXFileReference; lastKnownFileType = sourcecode.swift; path = Segue.swift; sourceTree = "<group>"; };
		12A3E1392829270200D5AFBA /* RestaurantDetailViewController.swift */ = {isa = PBXFileReference; lastKnownFileType = sourcecode.swift; path = RestaurantDetailViewController.swift; sourceTree = "<group>"; };
		12A3E13C28296D1500D5AFBA /* Portland.json */ = {isa = PBXFileReference; fileEncoding = 4; lastKnownFileType = text.json; path = Portland.json; sourceTree = "<group>"; };
		12A3E13D28296D1500D5AFBA /* San Antonio.json */ = {isa = PBXFileReference; fileEncoding = 4; lastKnownFileType = text.json; path = "San Antonio.json"; sourceTree = "<group>"; };
		12A3E13E28296D1500D5AFBA /* Las Vegas.json */ = {isa = PBXFileReference; fileEncoding = 4; lastKnownFileType = text.json; path = "Las Vegas.json"; sourceTree = "<group>"; };
		12A3E13F28296D1500D5AFBA /* Houston.json */ = {isa = PBXFileReference; fileEncoding = 4; lastKnownFileType = text.json; path = Houston.json; sourceTree = "<group>"; };
		12A3E14028296D1500D5AFBA /* Philadelphia.json */ = {isa = PBXFileReference; fileEncoding = 4; lastKnownFileType = text.json; path = Philadelphia.json; sourceTree = "<group>"; };
		12A3E14128296D1500D5AFBA /* Los Angeles.json */ = {isa = PBXFileReference; fileEncoding = 4; lastKnownFileType = text.json; path = "Los Angeles.json"; sourceTree = "<group>"; };
		12A3E14228296D1500D5AFBA /* Charleston.json */ = {isa = PBXFileReference; fileEncoding = 4; lastKnownFileType = text.json; path = Charleston.json; sourceTree = "<group>"; };
		12A3E14328296D1500D5AFBA /* Boston.json */ = {isa = PBXFileReference; fileEncoding = 4; lastKnownFileType = text.json; path = Boston.json; sourceTree = "<group>"; };
		12A3E14428296D1500D5AFBA /* San Francisco.json */ = {isa = PBXFileReference; fileEncoding = 4; lastKnownFileType = text.json; path = "San Francisco.json"; sourceTree = "<group>"; };
		12A3E14528296D1500D5AFBA /* New Orleans.json */ = {isa = PBXFileReference; fileEncoding = 4; lastKnownFileType = text.json; path = "New Orleans.json"; sourceTree = "<group>"; };
		12A3E14628296D1500D5AFBA /* Chicago.json */ = {isa = PBXFileReference; fileEncoding = 4; lastKnownFileType = text.json; path = Chicago.json; sourceTree = "<group>"; };
		12A3E14728296D1500D5AFBA /* Miami.json */ = {isa = PBXFileReference; fileEncoding = 4; lastKnownFileType = text.json; path = Miami.json; sourceTree = "<group>"; };
		12A3E14828296D1500D5AFBA /* Aspen.json */ = {isa = PBXFileReference; fileEncoding = 4; lastKnownFileType = text.json; path = Aspen.json; sourceTree = "<group>"; };
		12A3E14928296D1500D5AFBA /* New York.json */ = {isa = PBXFileReference; fileEncoding = 4; lastKnownFileType = text.json; path = "New York.json"; sourceTree = "<group>"; };
		12A3E15828296FA700D5AFBA /* RestaurantDataManager.swift */ = {isa = PBXFileReference; lastKnownFileType = sourcecode.swift; path = RestaurantDataManager.swift; sourceTree = "<group>"; };
		12A3E15A282A736700D5AFBA /* LocationItem.swift */ = {isa = PBXFileReference; lastKnownFileType = sourcecode.swift; path = LocationItem.swift; sourceTree = "<group>"; };
		12A3E15E282AA40D00D5AFBA /* ExploreHeaderView.swift */ = {isa = PBXFileReference; lastKnownFileType = sourcecode.swift; path = ExploreHeaderView.swift; sourceTree = "<group>"; };
		12A3E163282BF91E00D5AFBA /* RestaurantCell.swift */ = {isa = PBXFileReference; lastKnownFileType = sourcecode.swift; path = RestaurantCell.swift; sourceTree = "<group>"; };
		12A3E166282BFACC00D5AFBA /* NoDataView.swift */ = {isa = PBXFileReference; lastKnownFileType = sourcecode.swift; path = NoDataView.swift; sourceTree = "<group>"; };
		12A3E168282C09EA00D5AFBA /* NoDataView.xib */ = {isa = PBXFileReference; lastKnownFileType = file.xib; path = NoDataView.xib; sourceTree = "<group>"; };
		12A3E16A282E62DB00D5AFBA /* RatingsView.swift */ = {isa = PBXFileReference; lastKnownFileType = sourcecode.swift; path = RatingsView.swift; sourceTree = "<group>"; };
/* End PBXFileReference section */

/* Begin PBXFrameworksBuildPhase section */
		0653DB812730CFB500D63233 /* Frameworks */ = {
			isa = PBXFrameworksBuildPhase;
			buildActionMask = 2147483647;
			files = (
			);
			runOnlyForDeploymentPostprocessing = 0;
		};
		0653DB972730CFB900D63233 /* Frameworks */ = {
			isa = PBXFrameworksBuildPhase;
			buildActionMask = 2147483647;
			files = (
			);
			runOnlyForDeploymentPostprocessing = 0;
		};
		0653DBA12730CFB900D63233 /* Frameworks */ = {
			isa = PBXFrameworksBuildPhase;
			buildActionMask = 2147483647;
			files = (
			);
			runOnlyForDeploymentPostprocessing = 0;
		};
/* End PBXFrameworksBuildPhase section */

/* Begin PBXGroup section */
		0653DB7B2730CFB500D63233 = {
			isa = PBXGroup;
			children = (
				0653DB862730CFB500D63233 /* LetsEat */,
				0653DB852730CFB500D63233 /* Products */,
			);
			sourceTree = "<group>";
		};
		0653DB852730CFB500D63233 /* Products */ = {
			isa = PBXGroup;
			children = (
				0653DB842730CFB500D63233 /* LetsEat.app */,
				0653DB9A2730CFB900D63233 /* LetsEatTests.xctest */,
				0653DBA42730CFB900D63233 /* LetsEatUITests.xctest */,
			);
			name = Products;
			sourceTree = "<group>";
		};
		0653DB862730CFB500D63233 /* LetsEat */ = {
			isa = PBXGroup;
			children = (
				12A3E13028291F8E00D5AFBA /* PhotoFilter */,
				12A3E12D28291F5D00D5AFBA /* ReviewForm */,
				12A3E12A28291F1500D5AFBA /* RestaurantDetail */,
				12A3E1252825248100D5AFBA /* Misc */,
				12A3E11D28240CDC00D5AFBA /* Map */,
				12A3E1142822AE1300D5AFBA /* Location */,
				066705942732278500545EB6 /* Restaurants */,
				06AFDA1627311DFE00A647E1 /* Explore */,
				0653DB872730CFB500D63233 /* AppDelegate.swift */,
				0653DB892730CFB500D63233 /* SceneDelegate.swift */,
				0653DB8D2730CFB500D63233 /* Main.storyboard */,
				0653DBB72730D1AC00D63233 /* Assets.xcassets */,
				0653DB922730CFB800D63233 /* LaunchScreen.storyboard */,
				0653DB952730CFB800D63233 /* Info.plist */,
			);
			path = LetsEat;
			sourceTree = "<group>";
		};
		066705942732278500545EB6 /* Restaurants */ = {
			isa = PBXGroup;
			children = (
				12A3E160282BF86800D5AFBA /* View */,
				06670595273227A900545EB6 /* RestaurantListViewController.swift */,
				12A3E15828296FA700D5AFBA /* RestaurantDataManager.swift */,
			);
			path = Restaurants;
			sourceTree = "<group>";
		};
		06AFDA1627311DFE00A647E1 /* Explore */ = {
			isa = PBXGroup;
			children = (
				06C1CB442734A4BB00C385A7 /* View */,
				06C1CB3D2734A1E100C385A7 /* Model */,
				06AFDA1727311E3900A647E1 /* ExploreViewController.swift */,
				12A3E15E282AA40D00D5AFBA /* ExploreHeaderView.swift */,
			);
			path = Explore;
			sourceTree = "<group>";
		};
		06C1CB3D2734A1E100C385A7 /* Model */ = {
			isa = PBXGroup;
			children = (
				06C1CB3E2734A1F800C385A7 /* ExploreData.plist */,
				06C1CB402734A22300C385A7 /* ExploreItem.swift */,
				06C1CB422734A30200C385A7 /* ExploreDataManager.swift */,
			);
			path = Model;
			sourceTree = "<group>";
		};
		06C1CB442734A4BB00C385A7 /* View */ = {
			isa = PBXGroup;
			children = (
				06C1CB452734A4E100C385A7 /* ExploreCell.swift */,
			);
			path = View;
			sourceTree = "<group>";
		};
		124F2712283277A400D62F0F /* Model */ = {
			isa = PBXGroup;
			children = (
				124F2713283277D700D62F0F /* FilterData.plist */,
				124F2715283279F400D62F0F /* FilterItem.swift */,
				124F271728327A8600D62F0F /* FilterDataManager.swift */,
			);
			path = Model;
			sourceTree = "<group>";
		};
		124F27222837B52100D62F0F /* Model */ = {
			isa = PBXGroup;
			children = (
				1287F2A5284F50D10086F1C5 /* ReviewFormViewControllerTableViewController.swift */,
				124F27232837B63300D62F0F /* ReviewItem.swift */,
				124F27252837B84300D62F0F /* RestaurantPhotoItem.swift */,
			);
			path = Model;
			sourceTree = "<group>";
		};
		124F27272837C8C900D62F0F /* CoreData */ = {
			isa = PBXGroup;
			children = (
				124F271F2837AF4000D62F0F /* LetsEatModel.xcdatamodeld */,
				124F27282837C99200D62F0F /* CoreDataManager.swift */,
			);
			path = CoreData;
			sourceTree = "<group>";
		};
		12A3E1142822AE1300D5AFBA /* Location */ = {
			isa = PBXGroup;
			children = (
				12A3E1152822AE4E00D5AFBA /* View */,
				12A3E1162822AE5E00D5AFBA /* Model */,
				12A3E1172822AEC200D5AFBA /* LocationViewController.swift */,
			);
			path = Location;
			sourceTree = "<group>";
		};
		12A3E1152822AE4E00D5AFBA /* View */ = {
			isa = PBXGroup;
			children = (
			);
			path = View;
			sourceTree = "<group>";
		};
		12A3E1162822AE5E00D5AFBA /* Model */ = {
			isa = PBXGroup;
			children = (
				12A3E1192822B33400D5AFBA /* Locations.plist */,
				12A3E11B2822B87900D5AFBA /* LocationDataManager.swift */,
				12A3E15A282A736700D5AFBA /* LocationItem.swift */,
			);
			path = Model;
			sourceTree = "<group>";
		};
		12A3E11D28240CDC00D5AFBA /* Map */ = {
			isa = PBXGroup;
			children = (
				12A3E11E28240CEC00D5AFBA /* Model */,
				12A3E12828254D2400D5AFBA /* MapViewController.swift */,
			);
			path = Map;
			sourceTree = "<group>";
		};
		12A3E11E28240CEC00D5AFBA /* Model */ = {
			isa = PBXGroup;
			children = (
				12A3E11F282411B700D5AFBA /* MapLocations.plist */,
				12A3E1212824125600D5AFBA /* RestaurantItem.swift */,
				12A3E1232824260E00D5AFBA /* MapDataManager.swift */,
			);
			path = Model;
			sourceTree = "<group>";
		};
		12A3E1252825248100D5AFBA /* Misc */ = {
			isa = PBXGroup;
			children = (
				124F27272837C8C900D62F0F /* CoreData */,
				12A3E165282BFA9800D5AFBA /* No Data */,
				12A3E13B28296CAE00D5AFBA /* JSON */,
				12A3E126282524A100D5AFBA /* DataManager.swift */,
				12A3E133282920DA00D5AFBA /* Segue.swift */,
			);
			path = Misc;
			sourceTree = "<group>";
		};
		12A3E12A28291F1500D5AFBA /* RestaurantDetail */ = {
			isa = PBXGroup;
			children = (
				12A3E12B28291F4D00D5AFBA /* RestaurantDetail.storyboard */,
				12A3E1392829270200D5AFBA /* RestaurantDetailViewController.swift */,
			);
			path = RestaurantDetail;
			sourceTree = "<group>";
		};
		12A3E12D28291F5D00D5AFBA /* ReviewForm */ = {
			isa = PBXGroup;
			children = (
				124F27222837B52100D62F0F /* Model */,
				12A3E12E28291F8500D5AFBA /* ReviewForm.storyboard */,
				12A3E16A282E62DB00D5AFBA /* RatingsView.swift */,
			);
			path = ReviewForm;
			sourceTree = "<group>";
		};
		12A3E13028291F8E00D5AFBA /* PhotoFilter */ = {
			isa = PBXGroup;
			children = (
				124F2712283277A400D62F0F /* Model */,
				12A3E13128291FA800D5AFBA /* PhotoFilter.storyboard */,
				124F271928327DA300D62F0F /* ImageFiltering.swift */,
				124F271B28328ED200D62F0F /* FilterCell.swift */,
				124F271D2832921300D62F0F /* PhotoFilterViewController.swift */,
			);
			path = PhotoFilter;
			sourceTree = "<group>";
		};
		12A3E13B28296CAE00D5AFBA /* JSON */ = {
			isa = PBXGroup;
			children = (
				12A3E14828296D1500D5AFBA /* Aspen.json */,
				12A3E14328296D1500D5AFBA /* Boston.json */,
				12A3E14228296D1500D5AFBA /* Charleston.json */,
				12A3E14628296D1500D5AFBA /* Chicago.json */,
				12A3E13F28296D1500D5AFBA /* Houston.json */,
				12A3E13E28296D1500D5AFBA /* Las Vegas.json */,
				12A3E14128296D1500D5AFBA /* Los Angeles.json */,
				12A3E14728296D1500D5AFBA /* Miami.json */,
				12A3E14528296D1500D5AFBA /* New Orleans.json */,
				12A3E14928296D1500D5AFBA /* New York.json */,
				12A3E14028296D1500D5AFBA /* Philadelphia.json */,
				12A3E13C28296D1500D5AFBA /* Portland.json */,
				12A3E13D28296D1500D5AFBA /* San Antonio.json */,
				12A3E14428296D1500D5AFBA /* San Francisco.json */,
			);
			path = JSON;
			sourceTree = "<group>";
		};
		12A3E160282BF86800D5AFBA /* View */ = {
			isa = PBXGroup;
			children = (
				12A3E163282BF91E00D5AFBA /* RestaurantCell.swift */,
			);
			path = View;
			sourceTree = "<group>";
		};
		12A3E165282BFA9800D5AFBA /* No Data */ = {
			isa = PBXGroup;
			children = (
				12A3E166282BFACC00D5AFBA /* NoDataView.swift */,
				12A3E168282C09EA00D5AFBA /* NoDataView.xib */,
			);
			path = "No Data";
			sourceTree = "<group>";
		};
/* End PBXGroup section */

/* Begin PBXNativeTarget section */
		0653DB832730CFB500D63233 /* LetsEat */ = {
			isa = PBXNativeTarget;
			buildConfigurationList = 0653DBAE2730CFB900D63233 /* Build configuration list for PBXNativeTarget "LetsEat" */;
			buildPhases = (
				0653DB802730CFB500D63233 /* Sources */,
				0653DB812730CFB500D63233 /* Frameworks */,
				0653DB822730CFB500D63233 /* Resources */,
			);
			buildRules = (
			);
			dependencies = (
			);
			name = LetsEat;
			productName = LetsEat;
			productReference = 0653DB842730CFB500D63233 /* LetsEat.app */;
			productType = "com.apple.product-type.application";
		};
		0653DB992730CFB900D63233 /* LetsEatTests */ = {
			isa = PBXNativeTarget;
			buildConfigurationList = 0653DBB12730CFB900D63233 /* Build configuration list for PBXNativeTarget "LetsEatTests" */;
			buildPhases = (
				0653DB962730CFB900D63233 /* Sources */,
				0653DB972730CFB900D63233 /* Frameworks */,
				0653DB982730CFB900D63233 /* Resources */,
			);
			buildRules = (
			);
			dependencies = (
				0653DB9C2730CFB900D63233 /* PBXTargetDependency */,
			);
			name = LetsEatTests;
			productName = LetsEatTests;
			productReference = 0653DB9A2730CFB900D63233 /* LetsEatTests.xctest */;
			productType = "com.apple.product-type.bundle.unit-test";
		};
		0653DBA32730CFB900D63233 /* LetsEatUITests */ = {
			isa = PBXNativeTarget;
			buildConfigurationList = 0653DBB42730CFB900D63233 /* Build configuration list for PBXNativeTarget "LetsEatUITests" */;
			buildPhases = (
				0653DBA02730CFB900D63233 /* Sources */,
				0653DBA12730CFB900D63233 /* Frameworks */,
				0653DBA22730CFB900D63233 /* Resources */,
			);
			buildRules = (
			);
			dependencies = (
				0653DBA62730CFB900D63233 /* PBXTargetDependency */,
			);
			name = LetsEatUITests;
			productName = LetsEatUITests;
			productReference = 0653DBA42730CFB900D63233 /* LetsEatUITests.xctest */;
			productType = "com.apple.product-type.bundle.ui-testing";
		};
/* End PBXNativeTarget section */

/* Begin PBXProject section */
		0653DB7C2730CFB500D63233 /* Project object */ = {
			isa = PBXProject;
			attributes = {
				BuildIndependentTargetsInParallel = 1;
				LastSwiftUpdateCheck = 1310;
				LastUpgradeCheck = 1310;
				TargetAttributes = {
					0653DB832730CFB500D63233 = {
						CreatedOnToolsVersion = 13.1;
					};
					0653DB992730CFB900D63233 = {
						CreatedOnToolsVersion = 13.1;
						TestTargetID = 0653DB832730CFB500D63233;
					};
					0653DBA32730CFB900D63233 = {
						CreatedOnToolsVersion = 13.1;
						TestTargetID = 0653DB832730CFB500D63233;
					};
				};
			};
			buildConfigurationList = 0653DB7F2730CFB500D63233 /* Build configuration list for PBXProject "LetsEat" */;
			compatibilityVersion = "Xcode 13.0";
			developmentRegion = en;
			hasScannedForEncodings = 0;
			knownRegions = (
				en,
				Base,
			);
			mainGroup = 0653DB7B2730CFB500D63233;
			productRefGroup = 0653DB852730CFB500D63233 /* Products */;
			projectDirPath = "";
			projectRoot = "";
			targets = (
				0653DB832730CFB500D63233 /* LetsEat */,
				0653DB992730CFB900D63233 /* LetsEatTests */,
				0653DBA32730CFB900D63233 /* LetsEatUITests */,
			);
		};
/* End PBXProject section */

/* Begin PBXResourcesBuildPhase section */
		0653DB822730CFB500D63233 /* Resources */ = {
			isa = PBXResourcesBuildPhase;
			buildActionMask = 2147483647;
			files = (
				12A3E14C28296D1500D5AFBA /* Las Vegas.json in Resources */,
				06C1CB3F2734A1F800C385A7 /* ExploreData.plist in Resources */,
				12A3E14A28296D1500D5AFBA /* Portland.json in Resources */,
				0653DB942730CFB800D63233 /* LaunchScreen.storyboard in Resources */,
				12A3E13228291FA800D5AFBA /* PhotoFilter.storyboard in Resources */,
				12A3E12F28291F8500D5AFBA /* ReviewForm.storyboard in Resources */,
				12A3E14F28296D1500D5AFBA /* Los Angeles.json in Resources */,
				12A3E14D28296D1500D5AFBA /* Houston.json in Resources */,
				0653DBB82730D1AD00D63233 /* Assets.xcassets in Resources */,
				12A3E169282C09EA00D5AFBA /* NoDataView.xib in Resources */,
				12A3E14E28296D1500D5AFBA /* Philadelphia.json in Resources */,
				12A3E15128296D1500D5AFBA /* Boston.json in Resources */,
				12A3E15028296D1500D5AFBA /* Charleston.json in Resources */,
				12A3E14B28296D1500D5AFBA /* San Antonio.json in Resources */,
				12A3E15628296D1500D5AFBA /* Aspen.json in Resources */,
				12A3E15728296D1500D5AFBA /* New York.json in Resources */,
				12A3E11A2822B33400D5AFBA /* Locations.plist in Resources */,
				124F2714283277D700D62F0F /* FilterData.plist in Resources */,
				12A3E15428296D1500D5AFBA /* Chicago.json in Resources */,
				12A3E15228296D1500D5AFBA /* San Francisco.json in Resources */,
				12A3E15528296D1500D5AFBA /* Miami.json in Resources */,
				12A3E12C28291F4D00D5AFBA /* RestaurantDetail.storyboard in Resources */,
				12A3E15328296D1500D5AFBA /* New Orleans.json in Resources */,
				12A3E120282411B700D5AFBA /* MapLocations.plist in Resources */,
				0653DB8F2730CFB500D63233 /* Main.storyboard in Resources */,
			);
			runOnlyForDeploymentPostprocessing = 0;
		};
		0653DB982730CFB900D63233 /* Resources */ = {
			isa = PBXResourcesBuildPhase;
			buildActionMask = 2147483647;
			files = (
			);
			runOnlyForDeploymentPostprocessing = 0;
		};
		0653DBA22730CFB900D63233 /* Resources */ = {
			isa = PBXResourcesBuildPhase;
			buildActionMask = 2147483647;
			files = (
			);
			runOnlyForDeploymentPostprocessing = 0;
		};
/* End PBXResourcesBuildPhase section */

/* Begin PBXSourcesBuildPhase section */
		0653DB802730CFB500D63233 /* Sources */ = {
			isa = PBXSourcesBuildPhase;
			buildActionMask = 2147483647;
			files = (
				12A3E15B282A736700D5AFBA /* LocationItem.swift in Sources */,
				12A3E16B282E62DB00D5AFBA /* RatingsView.swift in Sources */,
				12A3E15F282AA40D00D5AFBA /* ExploreHeaderView.swift in Sources */,
				06C1CB412734A22300C385A7 /* ExploreItem.swift in Sources */,
				12A3E127282524A100D5AFBA /* DataManager.swift in Sources */,
				124F271E2832921300D62F0F /* PhotoFilterViewController.swift in Sources */,
				124F271C28328ED200D62F0F /* FilterCell.swift in Sources */,
				124F271A28327DA300D62F0F /* ImageFiltering.swift in Sources */,
				12A3E1242824260E00D5AFBA /* MapDataManager.swift in Sources */,
				12A3E167282BFACC00D5AFBA /* NoDataView.swift in Sources */,
				0653DB882730CFB500D63233 /* AppDelegate.swift in Sources */,
				124F27292837C99200D62F0F /* CoreDataManager.swift in Sources */,
				12A3E15928296FA700D5AFBA /* RestaurantDataManager.swift in Sources */,
				06670596273227A900545EB6 /* RestaurantListViewController.swift in Sources */,
				12A3E134282920DA00D5AFBA /* Segue.swift in Sources */,
				12A3E164282BF91E00D5AFBA /* RestaurantCell.swift in Sources */,
				0653DB8A2730CFB500D63233 /* SceneDelegate.swift in Sources */,
				124F27242837B63300D62F0F /* ReviewItem.swift in Sources */,
				124F271828327A8600D62F0F /* FilterDataManager.swift in Sources */,
				12A3E13A2829270200D5AFBA /* RestaurantDetailViewController.swift in Sources */,
				12A3E12928254D2400D5AFBA /* MapViewController.swift in Sources */,
				124F27262837B84300D62F0F /* RestaurantPhotoItem.swift in Sources */,
				1287F2A6284F50D10086F1C5 /* ReviewFormViewControllerTableViewController.swift in Sources */,
				124F2716283279F400D62F0F /* FilterItem.swift in Sources */,
				06AFDA1827311E3900A647E1 /* ExploreViewController.swift in Sources */,
				06C1CB432734A30200C385A7 /* ExploreDataManager.swift in Sources */,
				06C1CB462734A4E100C385A7 /* ExploreCell.swift in Sources */,
				124F27212837AF4000D62F0F /* LetsEatModel.xcdatamodeld in Sources */,
				12A3E1222824125600D5AFBA /* RestaurantItem.swift in Sources */,
				12A3E11C2822B87900D5AFBA /* LocationDataManager.swift in Sources */,
				12A3E1182822AEC200D5AFBA /* LocationViewController.swift in Sources */,
			);
			runOnlyForDeploymentPostprocessing = 0;
		};
		0653DB962730CFB900D63233 /* Sources */ = {
			isa = PBXSourcesBuildPhase;
			buildActionMask = 2147483647;
			files = (
			);
			runOnlyForDeploymentPostprocessing = 0;
		};
		0653DBA02730CFB900D63233 /* Sources */ = {
			isa = PBXSourcesBuildPhase;
			buildActionMask = 2147483647;
			files = (
			);
			runOnlyForDeploymentPostprocessing = 0;
		};
/* End PBXSourcesBuildPhase section */

/* Begin PBXTargetDependency section */
		0653DB9C2730CFB900D63233 /* PBXTargetDependency */ = {
			isa = PBXTargetDependency;
			target = 0653DB832730CFB500D63233 /* LetsEat */;
			targetProxy = 0653DB9B2730CFB900D63233 /* PBXContainerItemProxy */;
		};
		0653DBA62730CFB900D63233 /* PBXTargetDependency */ = {
			isa = PBXTargetDependency;
			target = 0653DB832730CFB500D63233 /* LetsEat */;
			targetProxy = 0653DBA52730CFB900D63233 /* PBXContainerItemProxy */;
		};
/* End PBXTargetDependency section */

/* Begin PBXVariantGroup section */
		0653DB8D2730CFB500D63233 /* Main.storyboard */ = {
			isa = PBXVariantGroup;
			children = (
				0653DB8E2730CFB500D63233 /* Base */,
			);
			name = Main.storyboard;
			sourceTree = "<group>";
		};
		0653DB922730CFB800D63233 /* LaunchScreen.storyboard */ = {
			isa = PBXVariantGroup;
			children = (
				0653DB932730CFB800D63233 /* Base */,
			);
			name = LaunchScreen.storyboard;
			sourceTree = "<group>";
		};
/* End PBXVariantGroup section */

/* Begin XCBuildConfiguration section */
		0653DBAC2730CFB900D63233 /* Debug */ = {
			isa = XCBuildConfiguration;
			buildSettings = {
				ALWAYS_SEARCH_USER_PATHS = NO;
				CLANG_ANALYZER_NONNULL = YES;
				CLANG_ANALYZER_NUMBER_OBJECT_CONVERSION = YES_AGGRESSIVE;
				CLANG_CXX_LANGUAGE_STANDARD = "gnu++17";
				CLANG_CXX_LIBRARY = "libc++";
				CLANG_ENABLE_MODULES = YES;
				CLANG_ENABLE_OBJC_ARC = YES;
				CLANG_ENABLE_OBJC_WEAK = YES;
				CLANG_WARN_BLOCK_CAPTURE_AUTORELEASING = YES;
				CLANG_WARN_BOOL_CONVERSION = YES;
				CLANG_WARN_COMMA = YES;
				CLANG_WARN_CONSTANT_CONVERSION = YES;
				CLANG_WARN_DEPRECATED_OBJC_IMPLEMENTATIONS = YES;
				CLANG_WARN_DIRECT_OBJC_ISA_USAGE = YES_ERROR;
				CLANG_WARN_DOCUMENTATION_COMMENTS = YES;
				CLANG_WARN_EMPTY_BODY = YES;
				CLANG_WARN_ENUM_CONVERSION = YES;
				CLANG_WARN_INFINITE_RECURSION = YES;
				CLANG_WARN_INT_CONVERSION = YES;
				CLANG_WARN_NON_LITERAL_NULL_CONVERSION = YES;
				CLANG_WARN_OBJC_IMPLICIT_RETAIN_SELF = YES;
				CLANG_WARN_OBJC_LITERAL_CONVERSION = YES;
				CLANG_WARN_OBJC_ROOT_CLASS = YES_ERROR;
				CLANG_WARN_QUOTED_INCLUDE_IN_FRAMEWORK_HEADER = YES;
				CLANG_WARN_RANGE_LOOP_ANALYSIS = YES;
				CLANG_WARN_STRICT_PROTOTYPES = YES;
				CLANG_WARN_SUSPICIOUS_MOVE = YES;
				CLANG_WARN_UNGUARDED_AVAILABILITY = YES_AGGRESSIVE;
				CLANG_WARN_UNREACHABLE_CODE = YES;
				CLANG_WARN__DUPLICATE_METHOD_MATCH = YES;
				COPY_PHASE_STRIP = NO;
				DEBUG_INFORMATION_FORMAT = dwarf;
				ENABLE_STRICT_OBJC_MSGSEND = YES;
				ENABLE_TESTABILITY = YES;
				GCC_C_LANGUAGE_STANDARD = gnu11;
				GCC_DYNAMIC_NO_PIC = NO;
				GCC_NO_COMMON_BLOCKS = YES;
				GCC_OPTIMIZATION_LEVEL = 0;
				GCC_PREPROCESSOR_DEFINITIONS = (
					"DEBUG=1",
					"$(inherited)",
				);
				GCC_WARN_64_TO_32_BIT_CONVERSION = YES;
				GCC_WARN_ABOUT_RETURN_TYPE = YES_ERROR;
				GCC_WARN_UNDECLARED_SELECTOR = YES;
				GCC_WARN_UNINITIALIZED_AUTOS = YES_AGGRESSIVE;
				GCC_WARN_UNUSED_FUNCTION = YES;
				GCC_WARN_UNUSED_VARIABLE = YES;
				IPHONEOS_DEPLOYMENT_TARGET = 15.0;
				MTL_ENABLE_DEBUG_INFO = INCLUDE_SOURCE;
				MTL_FAST_MATH = YES;
				ONLY_ACTIVE_ARCH = YES;
				SDKROOT = iphoneos;
				SWIFT_ACTIVE_COMPILATION_CONDITIONS = DEBUG;
				SWIFT_OPTIMIZATION_LEVEL = "-Onone";
			};
			name = Debug;
		};
		0653DBAD2730CFB900D63233 /* Release */ = {
			isa = XCBuildConfiguration;
			buildSettings = {
				ALWAYS_SEARCH_USER_PATHS = NO;
				CLANG_ANALYZER_NONNULL = YES;
				CLANG_ANALYZER_NUMBER_OBJECT_CONVERSION = YES_AGGRESSIVE;
				CLANG_CXX_LANGUAGE_STANDARD = "gnu++17";
				CLANG_CXX_LIBRARY = "libc++";
				CLANG_ENABLE_MODULES = YES;
				CLANG_ENABLE_OBJC_ARC = YES;
				CLANG_ENABLE_OBJC_WEAK = YES;
				CLANG_WARN_BLOCK_CAPTURE_AUTORELEASING = YES;
				CLANG_WARN_BOOL_CONVERSION = YES;
				CLANG_WARN_COMMA = YES;
				CLANG_WARN_CONSTANT_CONVERSION = YES;
				CLANG_WARN_DEPRECATED_OBJC_IMPLEMENTATIONS = YES;
				CLANG_WARN_DIRECT_OBJC_ISA_USAGE = YES_ERROR;
				CLANG_WARN_DOCUMENTATION_COMMENTS = YES;
				CLANG_WARN_EMPTY_BODY = YES;
				CLANG_WARN_ENUM_CONVERSION = YES;
				CLANG_WARN_INFINITE_RECURSION = YES;
				CLANG_WARN_INT_CONVERSION = YES;
				CLANG_WARN_NON_LITERAL_NULL_CONVERSION = YES;
				CLANG_WARN_OBJC_IMPLICIT_RETAIN_SELF = YES;
				CLANG_WARN_OBJC_LITERAL_CONVERSION = YES;
				CLANG_WARN_OBJC_ROOT_CLASS = YES_ERROR;
				CLANG_WARN_QUOTED_INCLUDE_IN_FRAMEWORK_HEADER = YES;
				CLANG_WARN_RANGE_LOOP_ANALYSIS = YES;
				CLANG_WARN_STRICT_PROTOTYPES = YES;
				CLANG_WARN_SUSPICIOUS_MOVE = YES;
				CLANG_WARN_UNGUARDED_AVAILABILITY = YES_AGGRESSIVE;
				CLANG_WARN_UNREACHABLE_CODE = YES;
				CLANG_WARN__DUPLICATE_METHOD_MATCH = YES;
				COPY_PHASE_STRIP = NO;
				DEBUG_INFORMATION_FORMAT = "dwarf-with-dsym";
				ENABLE_NS_ASSERTIONS = NO;
				ENABLE_STRICT_OBJC_MSGSEND = YES;
				GCC_C_LANGUAGE_STANDARD = gnu11;
				GCC_NO_COMMON_BLOCKS = YES;
				GCC_WARN_64_TO_32_BIT_CONVERSION = YES;
				GCC_WARN_ABOUT_RETURN_TYPE = YES_ERROR;
				GCC_WARN_UNDECLARED_SELECTOR = YES;
				GCC_WARN_UNINITIALIZED_AUTOS = YES_AGGRESSIVE;
				GCC_WARN_UNUSED_FUNCTION = YES;
				GCC_WARN_UNUSED_VARIABLE = YES;
				IPHONEOS_DEPLOYMENT_TARGET = 15.0;
				MTL_ENABLE_DEBUG_INFO = NO;
				MTL_FAST_MATH = YES;
				SDKROOT = iphoneos;
				SWIFT_COMPILATION_MODE = wholemodule;
				SWIFT_OPTIMIZATION_LEVEL = "-O";
				VALIDATE_PRODUCT = YES;
			};
			name = Release;
		};
		0653DBAF2730CFB900D63233 /* Debug */ = {
			isa = XCBuildConfiguration;
			buildSettings = {
				ASSETCATALOG_COMPILER_APPICON_NAME = AppIcon;
				ASSETCATALOG_COMPILER_GLOBAL_ACCENT_COLOR_NAME = AccentColor;
				CODE_SIGN_STYLE = Automatic;
				CURRENT_PROJECT_VERSION = 1;
				DEVELOPMENT_TEAM = ZF5FAZ894L;
				GENERATE_INFOPLIST_FILE = YES;
				INFOPLIST_FILE = LetsEat/Info.plist;
				INFOPLIST_KEY_UIApplicationSupportsIndirectInputEvents = YES;
				INFOPLIST_KEY_UILaunchStoryboardName = LaunchScreen;
				INFOPLIST_KEY_UIMainStoryboardFile = Main;
				INFOPLIST_KEY_UISupportedInterfaceOrientations_iPad = "UIInterfaceOrientationPortrait UIInterfaceOrientationPortraitUpsideDown UIInterfaceOrientationLandscapeLeft UIInterfaceOrientationLandscapeRight";
				INFOPLIST_KEY_UISupportedInterfaceOrientations_iPhone = "UIInterfaceOrientationPortrait UIInterfaceOrientationLandscapeLeft UIInterfaceOrientationLandscapeRight";
				LD_RUNPATH_SEARCH_PATHS = (
					"$(inherited)",
					"@executable_path/Frameworks",
				);
				MARKETING_VERSION = 1.0;
				PRODUCT_BUNDLE_IDENTIFIER = com.AdamPalmer.LetsEat;
				PRODUCT_NAME = "$(TARGET_NAME)";
				SWIFT_EMIT_LOC_STRINGS = YES;
				SWIFT_VERSION = 5.0;
				TARGETED_DEVICE_FAMILY = "1,2";
			};
			name = Debug;
		};
		0653DBB02730CFB900D63233 /* Release */ = {
			isa = XCBuildConfiguration;
			buildSettings = {
				ASSETCATALOG_COMPILER_APPICON_NAME = AppIcon;
				ASSETCATALOG_COMPILER_GLOBAL_ACCENT_COLOR_NAME = AccentColor;
				CODE_SIGN_STYLE = Automatic;
				CURRENT_PROJECT_VERSION = 1;
				DEVELOPMENT_TEAM = ZF5FAZ894L;
				GENERATE_INFOPLIST_FILE = YES;
				INFOPLIST_FILE = LetsEat/Info.plist;
				INFOPLIST_KEY_UIApplicationSupportsIndirectInputEvents = YES;
				INFOPLIST_KEY_UILaunchStoryboardName = LaunchScreen;
				INFOPLIST_KEY_UIMainStoryboardFile = Main;
				INFOPLIST_KEY_UISupportedInterfaceOrientations_iPad = "UIInterfaceOrientationPortrait UIInterfaceOrientationPortraitUpsideDown UIInterfaceOrientationLandscapeLeft UIInterfaceOrientationLandscapeRight";
				INFOPLIST_KEY_UISupportedInterfaceOrientations_iPhone = "UIInterfaceOrientationPortrait UIInterfaceOrientationLandscapeLeft UIInterfaceOrientationLandscapeRight";
				LD_RUNPATH_SEARCH_PATHS = (
					"$(inherited)",
					"@executable_path/Frameworks",
				);
				MARKETING_VERSION = 1.0;
				PRODUCT_BUNDLE_IDENTIFIER = com.AdamPalmer.LetsEat;
				PRODUCT_NAME = "$(TARGET_NAME)";
				SWIFT_EMIT_LOC_STRINGS = YES;
				SWIFT_VERSION = 5.0;
				TARGETED_DEVICE_FAMILY = "1,2";
			};
			name = Release;
		};
		0653DBB22730CFB900D63233 /* Debug */ = {
			isa = XCBuildConfiguration;
			buildSettings = {
				ALWAYS_EMBED_SWIFT_STANDARD_LIBRARIES = YES;
				BUNDLE_LOADER = "$(TEST_HOST)";
				CODE_SIGN_STYLE = Automatic;
				CURRENT_PROJECT_VERSION = 1;
				GENERATE_INFOPLIST_FILE = YES;
				IPHONEOS_DEPLOYMENT_TARGET = 15.0;
				LD_RUNPATH_SEARCH_PATHS = (
					"$(inherited)",
					"@executable_path/Frameworks",
					"@loader_path/Frameworks",
				);
				MARKETING_VERSION = 1.0;
				PRODUCT_BUNDLE_IDENTIFIER = com.myname.LetsEatTests;
				PRODUCT_NAME = "$(TARGET_NAME)";
				SWIFT_EMIT_LOC_STRINGS = NO;
				SWIFT_VERSION = 5.0;
				TARGETED_DEVICE_FAMILY = "1,2";
				TEST_HOST = "$(BUILT_PRODUCTS_DIR)/LetsEat.app/LetsEat";
			};
			name = Debug;
		};
		0653DBB32730CFB900D63233 /* Release */ = {
			isa = XCBuildConfiguration;
			buildSettings = {
				ALWAYS_EMBED_SWIFT_STANDARD_LIBRARIES = YES;
				BUNDLE_LOADER = "$(TEST_HOST)";
				CODE_SIGN_STYLE = Automatic;
				CURRENT_PROJECT_VERSION = 1;
				GENERATE_INFOPLIST_FILE = YES;
				IPHONEOS_DEPLOYMENT_TARGET = 15.0;
				LD_RUNPATH_SEARCH_PATHS = (
					"$(inherited)",
					"@executable_path/Frameworks",
					"@loader_path/Frameworks",
				);
				MARKETING_VERSION = 1.0;
				PRODUCT_BUNDLE_IDENTIFIER = com.myname.LetsEatTests;
				PRODUCT_NAME = "$(TARGET_NAME)";
				SWIFT_EMIT_LOC_STRINGS = NO;
				SWIFT_VERSION = 5.0;
				TARGETED_DEVICE_FAMILY = "1,2";
				TEST_HOST = "$(BUILT_PRODUCTS_DIR)/LetsEat.app/LetsEat";
			};
			name = Release;
		};
		0653DBB52730CFB900D63233 /* Debug */ = {
			isa = XCBuildConfiguration;
			buildSettings = {
				ALWAYS_EMBED_SWIFT_STANDARD_LIBRARIES = YES;
				CODE_SIGN_STYLE = Automatic;
				CURRENT_PROJECT_VERSION = 1;
				GENERATE_INFOPLIST_FILE = YES;
				LD_RUNPATH_SEARCH_PATHS = (
					"$(inherited)",
					"@executable_path/Frameworks",
					"@loader_path/Frameworks",
				);
				MARKETING_VERSION = 1.0;
				PRODUCT_BUNDLE_IDENTIFIER = com.myname.LetsEatUITests;
				PRODUCT_NAME = "$(TARGET_NAME)";
				SWIFT_EMIT_LOC_STRINGS = NO;
				SWIFT_VERSION = 5.0;
				TARGETED_DEVICE_FAMILY = "1,2";
				TEST_TARGET_NAME = LetsEat;
			};
			name = Debug;
		};
		0653DBB62730CFB900D63233 /* Release */ = {
			isa = XCBuildConfiguration;
			buildSettings = {
				ALWAYS_EMBED_SWIFT_STANDARD_LIBRARIES = YES;
				CODE_SIGN_STYLE = Automatic;
				CURRENT_PROJECT_VERSION = 1;
				GENERATE_INFOPLIST_FILE = YES;
				LD_RUNPATH_SEARCH_PATHS = (
					"$(inherited)",
					"@executable_path/Frameworks",
					"@loader_path/Frameworks",
				);
				MARKETING_VERSION = 1.0;
				PRODUCT_BUNDLE_IDENTIFIER = com.myname.LetsEatUITests;
				PRODUCT_NAME = "$(TARGET_NAME)";
				SWIFT_EMIT_LOC_STRINGS = NO;
				SWIFT_VERSION = 5.0;
				TARGETED_DEVICE_FAMILY = "1,2";
				TEST_TARGET_NAME = LetsEat;
			};
			name = Release;
		};
/* End XCBuildConfiguration section */

/* Begin XCConfigurationList section */
		0653DB7F2730CFB500D63233 /* Build configuration list for PBXProject "LetsEat" */ = {
			isa = XCConfigurationList;
			buildConfigurations = (
				0653DBAC2730CFB900D63233 /* Debug */,
				0653DBAD2730CFB900D63233 /* Release */,
			);
			defaultConfigurationIsVisible = 0;
			defaultConfigurationName = Release;
		};
		0653DBAE2730CFB900D63233 /* Build configuration list for PBXNativeTarget "LetsEat" */ = {
			isa = XCConfigurationList;
			buildConfigurations = (
				0653DBAF2730CFB900D63233 /* Debug */,
				0653DBB02730CFB900D63233 /* Release */,
			);
			defaultConfigurationIsVisible = 0;
			defaultConfigurationName = Release;
		};
		0653DBB12730CFB900D63233 /* Build configuration list for PBXNativeTarget "LetsEatTests" */ = {
			isa = XCConfigurationList;
			buildConfigurations = (
				0653DBB22730CFB900D63233 /* Debug */,
				0653DBB32730CFB900D63233 /* Release */,
			);
			defaultConfigurationIsVisible = 0;
			defaultConfigurationName = Release;
		};
		0653DBB42730CFB900D63233 /* Build configuration list for PBXNativeTarget "LetsEatUITests" */ = {
			isa = XCConfigurationList;
			buildConfigurations = (
				0653DBB52730CFB900D63233 /* Debug */,
				0653DBB62730CFB900D63233 /* Release */,
			);
			defaultConfigurationIsVisible = 0;
			defaultConfigurationName = Release;
		};
/* End XCConfigurationList section */

/* Begin XCVersionGroup section */
		124F271F2837AF4000D62F0F /* LetsEatModel.xcdatamodeld */ = {
			isa = XCVersionGroup;
			children = (
				124F27202837AF4000D62F0F /* LetsEatModel.xcdatamodel */,
			);
			currentVersion = 124F27202837AF4000D62F0F /* LetsEatModel.xcdatamodel */;
			path = LetsEatModel.xcdatamodeld;
			sourceTree = "<group>";
			versionGroupType = wrapper.xcdatamodel;
		};
/* End XCVersionGroup section */
	};
	rootObject = 0653DB7C2730CFB500D63233 /* Project object */;
}
